{
  "name": "winky-community",
  "version": "1.0.0",
  "lockfileVersion": 3,
  "requires": true,
  "packages": {
    "": {
      "name": "winky-community",
      "version": "1.0.0",
      "dependencies": {
        "@zeppos/zml": "^0.0.24",
        "zml": "^1.0.1"
      },
      "devDependencies": {
        "@zeppos/device-types": "latest"
      }
    },
    "node_modules/@zeppos/device-types": {
      "version": "3.0.1",
      "resolved": "https://registry.npmjs.org/@zeppos/device-types/-/device-types-3.0.1.tgz",
      "integrity": "sha512-7rUsKLFiTdwIU3NarEKbEoQjr2X1kE6/8ra+mM3+zXDnwhELPowwC4Sl5UGS71PjTa9Rb+s4WygOHkjeEmJcoA==",
      "dev": true,
      "license": "ISC"
    },
    "node_modules/@zeppos/zml": {
      "version": "0.0.24",
      "resolved": "https://registry.npmjs.org/@zeppos/zml/-/zml-0.0.24.tgz",
      "integrity": "sha512-Q7GVnfwqXW+rVOAq88y2Bt+NJCVWL2IKBiIvZrd9xBDbwLL7QSpuNIp8zMKzrV1WLbEdPD/ctA3AEjJoC5iWSw==",
      "license": "Apache-2.0"
    },
    "node_modules/asn1": {
      "version": "0.2.6",
      "resolved": "https://registry.npmjs.org/asn1/-/asn1-0.2.6.tgz",
      "integrity": "sha512-ix/FxPn0MDjeyJ7i/yoHGFt/EX6LyNbxSEhPPXODPL+KB0VPk86UYfL0lMdy+KCnv+fmvIzySwaK5COwqVbWTQ==",
      "license": "MIT",
      "dependencies": {
        "safer-buffer": "~2.1.0"
      }
    },
    "node_modules/co": {
      "version": "4.6.0",
      "resolved": "https://registry.npmjs.org/co/-/co-4.6.0.tgz",
      "integrity": "sha512-QVb0dM5HvG+uaxitm8wONl7jltx8dqhfU33DcqtOZcLSVIKSDDLDi7+0LbAKiyI8hD9u42m2YxXSkMGWThaecQ==",
      "license": "MIT",
      "engines": {
        "iojs": ">= 1.0.0",
        "node": ">= 0.12.0"
      }
    },
    "node_modules/co-prompt": {
      "version": "1.0.0",
      "resolved": "https://registry.npmjs.org/co-prompt/-/co-prompt-1.0.0.tgz",
      "integrity": "sha512-uKmEbjDnL9SJTb+TNfIFsATe1F3IsNsR7KDGUG1hq7ColkMV0MSn7dg3eKVS+3wwtyvVqrgfIwi39NOJiknO7Q==",
      "license": "MIT",
      "dependencies": {
        "keypress": "~0.2.1"
      }
    },
    "node_modules/commander": {
      "version": "2.20.3",
      "resolved": "https://registry.npmjs.org/commander/-/commander-2.20.3.tgz",
      "integrity": "sha512-GpVkmM8vF2vQUkj2LvZmD35JxeJOLCwJ9cUkugyk2nuhbv3+mJvpLYYt+0+USMxE+oj+ey/lJEnhZw75x/OMcQ==",
      "license": "MIT"
    },
    "node_modules/fs-extra": {
      "version": "2.1.2",
      "resolved": "https://registry.npmjs.org/fs-extra/-/fs-extra-2.1.2.tgz",
      "integrity": "sha512-9ztMtDZtSKC78V8mev+k31qaTabbmuH5jatdvPBMikrFHvw5BqlYnQIn/WGK3WHeRooSTkRvLa2IPlaHjPq5Sg==",
      "license": "MIT",
      "dependencies": {
        "graceful-fs": "^4.1.2",
        "jsonfile": "^2.1.0"
      }
    },
    "node_modules/graceful-fs": {
      "version": "4.2.11",
      "resolved": "https://registry.npmjs.org/graceful-fs/-/graceful-fs-4.2.11.tgz",
      "integrity": "sha512-RbJ5/jmFcNNCcDV5o9eTnBLJ/HszWV0P73bc+Ff4nS/rJj+YaS6IGyiOL0VoBYX+l1Wrl3k63h/KrH+nhJ0XvQ==",
      "license": "ISC"
    },
    "node_modules/jsonfile": {
      "version": "2.4.0",
      "resolved": "https://registry.npmjs.org/jsonfile/-/jsonfile-2.4.0.tgz",
      "integrity": "sha512-PKllAqbgLgxHaj8TElYymKCAgrASebJrWpTnEkOaTowt23VKXXN0sUeriJ+eh7y6ufb/CC5ap11pz71/cM0hUw==",
      "license": "MIT",
      "optionalDependencies": {
        "graceful-fs": "^4.1.6"
      }
    },
    "node_modules/keypress": {
      "version": "0.2.1",
      "resolved": "https://registry.npmjs.org/keypress/-/keypress-0.2.1.tgz",
      "integrity": "sha512-HjorDJFNhnM4SicvaUXac0X77NiskggxJdesG72+O5zBKpSqKFCrqmndKVqpu3pFqkla0St6uGk8Ju0sCurrmg==",
      "license": "MIT"
    },
    "node_modules/safer-buffer": {
      "version": "2.1.2",
      "resolved": "https://registry.npmjs.org/safer-buffer/-/safer-buffer-2.1.2.tgz",
      "integrity": "sha512-YZo3K82SD7Riyi0E1EQPojLz7kpepnSQI9IyPbHHg1XXXevb5dJI7tpyN2ADxGcQbHG7vcyRHk0cbwqcQriUtg==",
      "license": "MIT"
    },
    "node_modules/semver": {
      "version": "5.7.2",
      "resolved": "https://registry.npmjs.org/semver/-/semver-5.7.2.tgz",
      "integrity": "sha512-cBznnQ9KjJqU67B52RMC65CMarK2600WFnbkcaiwWq3xy/5haFJlshgnpjovMVJ+Hff49d8GEn0b87C5pDQ10g==",
      "license": "ISC",
      "bin": {
        "semver": "bin/semver"
      }
    },
    "node_modules/ssh2": {
      "version": "0.5.5",
      "resolved": "https://registry.npmjs.org/ssh2/-/ssh2-0.5.5.tgz",
      "integrity": "sha512-FF+j7szpg7oegbs6anQEgBU3S+GXvTYYGBpPuKUZd306rpsY2qHxwpaK1hc+6AIBr5uIl2gt1pYVjvdo+C67Hw==",
      "dependencies": {
        "ssh2-streams": "~0.1.18"
      },
      "engines": {
        "node": ">=0.10.0"
      }
    },
    "node_modules/ssh2-streams": {
      "version": "0.1.20",
      "resolved": "https://registry.npmjs.org/ssh2-streams/-/ssh2-streams-0.1.20.tgz",
      "integrity": "sha512-uqI2NfwMXF0PgY1IWivWWlfr4Ws6wsFF5Eug/bmpyyVn/k7T2VoNfJT6ynhM0JW1NpeIZuYHOENUCLx6NFK6Jw==",
      "dependencies": {
        "asn1": "~0.2.0",
        "semver": "^5.1.0",
        "streamsearch": "~0.1.2"
      },
      "engines": {
        "node": ">=0.10.0"
      }
    },
    "node_modules/streamsearch": {
      "version": "0.1.2",
      "resolved": "https://registry.npmjs.org/streamsearch/-/streamsearch-0.1.2.tgz",
      "integrity": "sha512-jos8u++JKm0ARcSUTAZXOVC0mSox7Bhn6sBgty73P1f3JGf7yG2clTbBNHUdde/kdvP2FESam+vM6l8jBrNxHA==",
      "engines": {
        "node": ">=0.8.0"
      }
    },
    "node_modules/zml": {
      "version": "1.0.1",
      "resolved": "https://registry.npmjs.org/zml/-/zml-1.0.1.tgz",
      "integrity": "sha512-X8euN3MTOayqkIdeT0Xi6i+/IoD+S0qDPbXknHx6Imj3h9q5EyycjsxKCR+qM5JURe9NlBwA8HNr0LdYuioRWg==",
      "license": "ISC",
      "dependencies": {
        "co": "^4.6.0",
        "co-prompt": "^1.0.0",
        "commander": "^2.9.0",
        "zml-download": "^1.0.0"
      },
      "bin": {
        "zml": "index.js"
      }
    },
    "node_modules/zml-download": {
      "version": "1.0.0",
      "resolved": "https://registry.npmjs.org/zml-download/-/zml-download-1.0.0.tgz",
      "integrity": "sha512-/oKa5yBBpxEtMAR4+Kt6NFd8wUgVJQYvfpk26kCYTackvDCxQdPIXnZDPRJZMmbAqDj2gA/2lh5kOLlxXYLYuQ==",
      "license": "ISC",
      "dependencies": {
        "fs-extra": "^2.1.2",
        "ssh2": "^0.5.4"
      }
    }
  }
}
